{
  "projects": [
    {
      "projectId": "htABaZqjni3rpeuBprLs6a",
      "version": "latest",
      "dependencies": {},
      "lang": "ts",
      "fileLocks": [
        {
          "type": "globalVariant",
          "assetId": "scVwfhfv5H",
          "checksum": "15e8881269f6ac9cb3756f86927153e1"
        },
        {
          "assetId": "htABaZqjni3rpeuBprLs6a",
          "type": "projectCss",
          "checksum": "7e3222e3e9da350faf8ddc0aaa90eca5"
        },
        {
          "type": "renderModule",
          "assetId": "7VSGrTnAyTyfr",
          "checksum": "24f2f3a4f6d1477b0ce87c86de34366b"
        },
        {
          "type": "cssRules",
          "assetId": "7VSGrTnAyTyfr",
          "checksum": "24f2f3a4f6d1477b0ce87c86de34366b"
        },
        {
          "type": "renderModule",
          "assetId": "zq8NVUIaMV8-I",
          "checksum": "2aefa874a12a7b7266b654e82d98d2dc"
        },
        {
          "type": "cssRules",
          "assetId": "zq8NVUIaMV8-I",
          "checksum": "2aefa874a12a7b7266b654e82d98d2dc"
        },
        {
          "type": "renderModule",
          "assetId": "4IQQu1JKmgzVu",
          "checksum": "420edea86bf56fbc6d93304b437dfe98"
        },
        {
          "type": "cssRules",
          "assetId": "4IQQu1JKmgzVu",
          "checksum": "420edea86bf56fbc6d93304b437dfe98"
        },
        {
          "type": "renderModule",
          "assetId": "Nk8BHd2VxzLcF",
          "checksum": "f788f9a751e230141aebd8fd4c0e038a"
        },
        {
          "type": "cssRules",
          "assetId": "Nk8BHd2VxzLcF",
          "checksum": "f788f9a751e230141aebd8fd4c0e038a"
        },
        {
          "type": "renderModule",
          "assetId": "Z2-bJBY1mYy2V",
          "checksum": "01fd33def5f78f13cfb733cebabe0fc7"
        },
        {
          "type": "cssRules",
          "assetId": "Z2-bJBY1mYy2V",
          "checksum": "01fd33def5f78f13cfb733cebabe0fc7"
        },
        {
          "type": "renderModule",
          "assetId": "9p-Ht8_FObo03_",
          "checksum": "95cf09f87275d406d91368b23a6ea57b"
        },
        {
          "type": "cssRules",
          "assetId": "9p-Ht8_FObo03_",
          "checksum": "95cf09f87275d406d91368b23a6ea57b"
        },
        {
          "type": "icon",
          "assetId": "3x-g38V1yDuQmW",
          "checksum": "08d2aed9711f31c5d1173531a05eb41a"
        },
        {
          "type": "icon",
          "assetId": "OR1sp1EE4k9P8M",
          "checksum": "d8d344d7b443df7a7b1c66337c318a8d"
        }
      ],
      "codegenVersion": "0.0.1"
    },
    {
      "projectId": "aroYMmAisAVcKNkCTKvzX",
      "version": "latest",
      "dependencies": {},
      "lang": "ts",
      "fileLocks": [
        {
          "type": "globalVariant",
          "assetId": "CaziUa3mSmMkY",
          "checksum": "624debb9e14f026ee2aa18303ae08a8e"
        },
        {
          "assetId": "aroYMmAisAVcKNkCTKvzX",
          "type": "projectCss",
          "checksum": "fe9ede05f5d729d57de3c89d24e8dbac"
        },
        {
          "type": "renderModule",
          "assetId": "J3hEBz86_Dpi",
          "checksum": "76533e12a9c0c883e60a6f69aa1fe7d5"
        },
        {
          "type": "cssRules",
          "assetId": "J3hEBz86_Dpi",
          "checksum": "76533e12a9c0c883e60a6f69aa1fe7d5"
        }
      ],
      "codegenVersion": "0.0.1"
    }
  ],
  "cliVersion": "0.1.259"
}
